// !$*UTF8*$!
{
	archiveVersion = 1;
	classes = {
	};
	objectVersion = 50;
	objects = {

/* Begin PBXBuildFile section */
		1748F816215B71B100D16B67 /* XHBMeshFaceNode.m in Sources */ = {isa = PBXBuildFile; fileRef = 1748F815215B71B100D16B67 /* XHBMeshFaceNode.m */; };
		1756FD8E2157D61100AD3334 /* XHBRobotFaceNode.m in Sources */ = {isa = PBXBuildFile; fileRef = 1756FD8D2157D61100AD3334 /* XHBRobotFaceNode.m */; };
		1792F033215A16A000111C48 /* XHBVirtualFaceViewController.m in Sources */ = {isa = PBXBuildFile; fileRef = 1792F032215A16A000111C48 /* XHBVirtualFaceViewController.m */; };
		1792F038215A17A200111C48 /* XHBHomeViewController.m in Sources */ = {isa = PBXBuildFile; fileRef = 1792F037215A17A200111C48 /* XHBHomeViewController.m */; };
		1792F03C215A18AB00111C48 /* XHBHomeCell.m in Sources */ = {isa = PBXBuildFile; fileRef = 1792F03B215A18AB00111C48 /* XHBHomeCell.m */; };
		17E4597A214E569A0082E272 /* Models.scnassets in Resources */ = {isa = PBXBuildFile; fileRef = 17E45979214E569A0082E272 /* Models.scnassets */; };
		17E4597F214E5DC10082E272 /* XHBVirtualFaceManager.m in Sources */ = {isa = PBXBuildFile; fileRef = 17E4597E214E5DC10082E272 /* XHBVirtualFaceManager.m */; };
		17E45983214E68740082E272 /* XHBMaskFaceNode.m in Sources */ = {isa = PBXBuildFile; fileRef = 17E45982214E68740082E272 /* XHBMaskFaceNode.m */; };
		17E60C52214F8E3E00DC188D /* XHBAnimojiViewController.m in Sources */ = {isa = PBXBuildFile; fileRef = 17E60C51214F8E3E00DC188D /* XHBAnimojiViewController.m */; };
		17F6A849214BC00D00BB5C04 /* AppDelegate.m in Sources */ = {isa = PBXBuildFile; fileRef = 17F6A848214BC00D00BB5C04 /* AppDelegate.m */; };
		17F6A851214BC00F00BB5C04 /* Assets.xcassets in Resources */ = {isa = PBXBuildFile; fileRef = 17F6A850214BC00F00BB5C04 /* Assets.xcassets */; };
		17F6A854214BC00F00BB5C04 /* LaunchScreen.storyboard in Resources */ = {isa = PBXBuildFile; fileRef = 17F6A852214BC00F00BB5C04 /* LaunchScreen.storyboard */; };
		17F6A857214BC00F00BB5C04 /* main.m in Sources */ = {isa = PBXBuildFile; fileRef = 17F6A856214BC00F00BB5C04 /* main.m */; };
		17F6A861214BC00F00BB5C04 /* FaceTrackingTests.m in Sources */ = {isa = PBXBuildFile; fileRef = 17F6A860214BC00F00BB5C04 /* FaceTrackingTests.m */; };
		17F6A86C214BC00F00BB5C04 /* FaceTrackingUITests.m in Sources */ = {isa = PBXBuildFile; fileRef = 17F6A86B214BC00F00BB5C04 /* FaceTrackingUITests.m */; };
/* End PBXBuildFile section */

/* Begin PBXContainerItemProxy section */
		17F6A85D214BC00F00BB5C04 /* PBXContainerItemProxy */ = {
			isa = PBXContainerItemProxy;
			containerPortal = 17F6A83C214BC00D00BB5C04 /* Project object */;
			proxyType = 1;
			remoteGlobalIDString = 17F6A843214BC00D00BB5C04;
			remoteInfo = FaceTracking;
		};
		17F6A868214BC00F00BB5C04 /* PBXContainerItemProxy */ = {
			isa = PBXContainerItemProxy;
			containerPortal = 17F6A83C214BC00D00BB5C04 /* Project object */;
			proxyType = 1;
			remoteGlobalIDString = 17F6A843214BC00D00BB5C04;
			remoteInfo = FaceTracking;
		};
/* End PBXContainerItemProxy section */

/* Begin PBXFileReference section */
		1748F814215B71B100D16B67 /* XHBMeshFaceNode.h */ = {isa = PBXFileReference; lastKnownFileType = sourcecode.c.h; path = XHBMeshFaceNode.h; sourceTree = "<group>"; };
		1748F815215B71B100D16B67 /* XHBMeshFaceNode.m */ = {isa = PBXFileReference; lastKnownFileType = sourcecode.c.objc; path = XHBMeshFaceNode.m; sourceTree = "<group>"; };
		1756FD8C2157D61100AD3334 /* XHBRobotFaceNode.h */ = {isa = PBXFileReference; lastKnownFileType = sourcecode.c.h; path = XHBRobotFaceNode.h; sourceTree = "<group>"; };
		1756FD8D2157D61100AD3334 /* XHBRobotFaceNode.m */ = {isa = PBXFileReference; lastKnownFileType = sourcecode.c.objc; path = XHBRobotFaceNode.m; sourceTree = "<group>"; };
		1792F031215A16A000111C48 /* XHBVirtualFaceViewController.h */ = {isa = PBXFileReference; lastKnownFileType = sourcecode.c.h; path = XHBVirtualFaceViewController.h; sourceTree = "<group>"; };
		1792F032215A16A000111C48 /* XHBVirtualFaceViewController.m */ = {isa = PBXFileReference; lastKnownFileType = sourcecode.c.objc; path = XHBVirtualFaceViewController.m; sourceTree = "<group>"; };
		1792F036215A17A200111C48 /* XHBHomeViewController.h */ = {isa = PBXFileReference; lastKnownFileType = sourcecode.c.h; path = XHBHomeViewController.h; sourceTree = "<group>"; };
		1792F037215A17A200111C48 /* XHBHomeViewController.m */ = {isa = PBXFileReference; lastKnownFileType = sourcecode.c.objc; path = XHBHomeViewController.m; sourceTree = "<group>"; };
		1792F03A215A18AB00111C48 /* XHBHomeCell.h */ = {isa = PBXFileReference; lastKnownFileType = sourcecode.c.h; path = XHBHomeCell.h; sourceTree = "<group>"; };
		1792F03B215A18AB00111C48 /* XHBHomeCell.m */ = {isa = PBXFileReference; lastKnownFileType = sourcecode.c.objc; path = XHBHomeCell.m; sourceTree = "<group>"; };
		17E45979214E569A0082E272 /* Models.scnassets */ = {isa = PBXFileReference; lastKnownFileType = wrapper.scnassets; path = Models.scnassets; sourceTree = "<group>"; };
		17E4597D214E5DC10082E272 /* XHBVirtualFaceManager.h */ = {isa = PBXFileReference; lastKnownFileType = sourcecode.c.h; path = XHBVirtualFaceManager.h; sourceTree = "<group>"; };
		17E4597E214E5DC10082E272 /* XHBVirtualFaceManager.m */ = {isa = PBXFileReference; lastKnownFileType = sourcecode.c.objc; path = XHBVirtualFaceManager.m; sourceTree = "<group>"; };
		17E45981214E68740082E272 /* XHBMaskFaceNode.h */ = {isa = PBXFileReference; lastKnownFileType = sourcecode.c.h; path = XHBMaskFaceNode.h; sourceTree = "<group>"; };
		17E45982214E68740082E272 /* XHBMaskFaceNode.m */ = {isa = PBXFileReference; lastKnownFileType = sourcecode.c.objc; path = XHBMaskFaceNode.m; sourceTree = "<group>"; };
		17E60C50214F8E3E00DC188D /* XHBAnimojiViewController.h */ = {isa = PBXFileReference; lastKnownFileType = sourcecode.c.h; path = XHBAnimojiViewController.h; sourceTree = "<group>"; };
		17E60C51214F8E3E00DC188D /* XHBAnimojiViewController.m */ = {isa = PBXFileReference; lastKnownFileType = sourcecode.c.objc; path = XHBAnimojiViewController.m; sourceTree = "<group>"; };
		17F6A844214BC00D00BB5C04 /* FaceTracking.app */ = {isa = PBXFileReference; explicitFileType = wrapper.application; includeInIndex = 0; path = FaceTracking.app; sourceTree = BUILT_PRODUCTS_DIR; };
		17F6A847214BC00D00BB5C04 /* AppDelegate.h */ = {isa = PBXFileReference; lastKnownFileType = sourcecode.c.h; path = AppDelegate.h; sourceTree = "<group>"; };
		17F6A848214BC00D00BB5C04 /* AppDelegate.m */ = {isa = PBXFileReference; lastKnownFileType = sourcecode.c.objc; path = AppDelegate.m; sourceTree = "<group>"; };
		17F6A850214BC00F00BB5C04 /* Assets.xcassets */ = {isa = PBXFileReference; lastKnownFileType = folder.assetcatalog; path = Assets.xcassets; sourceTree = "<group>"; };
		17F6A853214BC00F00BB5C04 /* Base */ = {isa = PBXFileReference; lastKnownFileType = file.storyboard; name = Base; path = Base.lproj/LaunchScreen.storyboard; sourceTree = "<group>"; };
		17F6A855214BC00F00BB5C04 /* Info.plist */ = {isa = PBXFileReference; lastKnownFileType = text.plist.xml; path = Info.plist; sourceTree = "<group>"; };
		17F6A856214BC00F00BB5C04 /* main.m */ = {isa = PBXFileReference; lastKnownFileType = sourcecode.c.objc; path = main.m; sourceTree = "<group>"; };
		17F6A85C214BC00F00BB5C04 /* FaceTrackingTests.xctest */ = {isa = PBXFileReference; explicitFileType = wrapper.cfbundle; includeInIndex = 0; path = FaceTrackingTests.xctest; sourceTree = BUILT_PRODUCTS_DIR; };
		17F6A860214BC00F00BB5C04 /* FaceTrackingTests.m */ = {isa = PBXFileReference; lastKnownFileType = sourcecode.c.objc; path = FaceTrackingTests.m; sourceTree = "<group>"; };
		17F6A862214BC00F00BB5C04 /* Info.plist */ = {isa = PBXFileReference; lastKnownFileType = text.plist.xml; path = Info.plist; sourceTree = "<group>"; };
		17F6A867214BC00F00BB5C04 /* FaceTrackingUITests.xctest */ = {isa = PBXFileReference; explicitFileType = wrapper.cfbundle; includeInIndex = 0; path = FaceTrackingUITests.xctest; sourceTree = BUILT_PRODUCTS_DIR; };
		17F6A86B214BC00F00BB5C04 /* FaceTrackingUITests.m */ = {isa = PBXFileReference; lastKnownFileType = sourcecode.c.objc; path = FaceTrackingUITests.m; sourceTree = "<group>"; };
		17F6A86D214BC00F00BB5C04 /* Info.plist */ = {isa = PBXFileReference; lastKnownFileType = text.plist.xml; path = Info.plist; sourceTree = "<group>"; };
/* End PBXFileReference section */

/* Begin PBXFrameworksBuildPhase section */
		17F6A841214BC00D00BB5C04 /* Frameworks */ = {
			isa = PBXFrameworksBuildPhase;
			buildActionMask = 2147483647;
			files = (
			);
			runOnlyForDeploymentPostprocessing = 0;
		};
		17F6A859214BC00F00BB5C04 /* Frameworks */ = {
			isa = PBXFrameworksBuildPhase;
			buildActionMask = 2147483647;
			files = (
			);
			runOnlyForDeploymentPostprocessing = 0;
		};
		17F6A864214BC00F00BB5C04 /* Frameworks */ = {
			isa = PBXFrameworksBuildPhase;
			buildActionMask = 2147483647;
			files = (
			);
			runOnlyForDeploymentPostprocessing = 0;
		};
/* End PBXFrameworksBuildPhase section */

/* Begin PBXGroup section */
		1756FD8B2157D4A400AD3334 /* Model */ = {
			isa = PBXGroup;
			children = (
				1748F814215B71B100D16B67 /* XHBMeshFaceNode.h */,
				1748F815215B71B100D16B67 /* XHBMeshFaceNode.m */,
				17E45981214E68740082E272 /* XHBMaskFaceNode.h */,
				17E45982214E68740082E272 /* XHBMaskFaceNode.m */,
				1756FD8C2157D61100AD3334 /* XHBRobotFaceNode.h */,
				1756FD8D2157D61100AD3334 /* XHBRobotFaceNode.m */,
			);
			path = Model;
			sourceTree = "<group>";
		};
		1792F02F215A165700111C48 /* Controller */ = {
			isa = PBXGroup;
			children = (
				1792F031215A16A000111C48 /* XHBVirtualFaceViewController.h */,
				1792F032215A16A000111C48 /* XHBVirtualFaceViewController.m */,
			);
			path = Controller;
			sourceTree = "<group>";
		};
		1792F030215A166000111C48 /* Manager */ = {
			isa = PBXGroup;
			children = (
				17E4597D214E5DC10082E272 /* XHBVirtualFaceManager.h */,
				17E4597E214E5DC10082E272 /* XHBVirtualFaceManager.m */,
			);
			path = Manager;
			sourceTree = "<group>";
		};
		1792F034215A177400111C48 /* Home */ = {
			isa = PBXGroup;
			children = (
				1792F039215A187700111C48 /* View */,
				1792F035215A179300111C48 /* Controller */,
			);
			path = Home;
			sourceTree = "<group>";
		};
		1792F035215A179300111C48 /* Controller */ = {
			isa = PBXGroup;
			children = (
				1792F036215A17A200111C48 /* XHBHomeViewController.h */,
				1792F037215A17A200111C48 /* XHBHomeViewController.m */,
			);
			path = Controller;
			sourceTree = "<group>";
		};
		1792F039215A187700111C48 /* View */ = {
			isa = PBXGroup;
			children = (
				1792F03A215A18AB00111C48 /* XHBHomeCell.h */,
				1792F03B215A18AB00111C48 /* XHBHomeCell.m */,
			);
			path = View;
			sourceTree = "<group>";
		};
		1792F03D215A1E4900111C48 /* AppDelegate */ = {
			isa = PBXGroup;
			children = (
				17F6A847214BC00D00BB5C04 /* AppDelegate.h */,
				17F6A848214BC00D00BB5C04 /* AppDelegate.m */,
			);
			path = AppDelegate;
			sourceTree = "<group>";
		};
		17E4597B214E56B30082E272 /* Resources */ = {
			isa = PBXGroup;
			children = (
				17E45979214E569A0082E272 /* Models.scnassets */,
				17F6A850214BC00F00BB5C04 /* Assets.xcassets */,
				17F6A852214BC00F00BB5C04 /* LaunchScreen.storyboard */,
				17F6A855214BC00F00BB5C04 /* Info.plist */,
			);
			path = Resources;
			sourceTree = "<group>";
		};
		17E4597C214E5D7D0082E272 /* VirtualFace */ = {
			isa = PBXGroup;
			children = (
				1792F030215A166000111C48 /* Manager */,
				1792F02F215A165700111C48 /* Controller */,
				1756FD8B2157D4A400AD3334 /* Model */,
			);
			path = VirtualFace;
			sourceTree = "<group>";
		};
		17E60C4F214F8E1F00DC188D /* Animoji */ = {
			isa = PBXGroup;
			children = (
				17E60C50214F8E3E00DC188D /* XHBAnimojiViewController.h */,
				17E60C51214F8E3E00DC188D /* XHBAnimojiViewController.m */,
			);
			path = Animoji;
			sourceTree = "<group>";
		};
		17F6A83B214BC00D00BB5C04 = {
			isa = PBXGroup;
			children = (
				17F6A846214BC00D00BB5C04 /* FaceTracking */,
				17F6A856214BC00F00BB5C04 /* main.m */,
				17F6A85F214BC00F00BB5C04 /* FaceTrackingTests */,
				17F6A86A214BC00F00BB5C04 /* FaceTrackingUITests */,
				17F6A845214BC00D00BB5C04 /* Products */,
			);
			sourceTree = "<group>";
		};
		17F6A845214BC00D00BB5C04 /* Products */ = {
			isa = PBXGroup;
			children = (
				17F6A844214BC00D00BB5C04 /* FaceTracking.app */,
				17F6A85C214BC00F00BB5C04 /* FaceTrackingTests.xctest */,
				17F6A867214BC00F00BB5C04 /* FaceTrackingUITests.xctest */,
			);
			name = Products;
			sourceTree = "<group>";
		};
		17F6A846214BC00D00BB5C04 /* FaceTracking */ = {
			isa = PBXGroup;
			children = (
				17E60C4F214F8E1F00DC188D /* Animoji */,
				1792F03D215A1E4900111C48 /* AppDelegate */,
				1792F034215A177400111C48 /* Home */,
				17E4597C214E5D7D0082E272 /* VirtualFace */,
				17E4597B214E56B30082E272 /* Resources */,
			);
			path = FaceTracking;
			sourceTree = "<group>";
		};
		17F6A85F214BC00F00BB5C04 /* FaceTrackingTests */ = {
			isa = PBXGroup;
			children = (
				17F6A860214BC00F00BB5C04 /* FaceTrackingTests.m */,
				17F6A862214BC00F00BB5C04 /* Info.plist */,
			);
			path = FaceTrackingTests;
			sourceTree = "<group>";
		};
		17F6A86A214BC00F00BB5C04 /* FaceTrackingUITests */ = {
			isa = PBXGroup;
			children = (
				17F6A86B214BC00F00BB5C04 /* FaceTrackingUITests.m */,
				17F6A86D214BC00F00BB5C04 /* Info.plist */,
			);
			path = FaceTrackingUITests;
			sourceTree = "<group>";
		};
/* End PBXGroup section */

/* Begin PBXNativeTarget section */
		17F6A843214BC00D00BB5C04 /* FaceTracking */ = {
			isa = PBXNativeTarget;
			buildConfigurationList = 17F6A870214BC00F00BB5C04 /* Build configuration list for PBXNativeTarget "FaceTracking" */;
			buildPhases = (
				17F6A840214BC00D00BB5C04 /* Sources */,
				17F6A841214BC00D00BB5C04 /* Frameworks */,
				17F6A842214BC00D00BB5C04 /* Resources */,
			);
			buildRules = (
			);
			dependencies = (
			);
			name = FaceTracking;
			productName = FaceTracking;
			productReference = 17F6A844214BC00D00BB5C04 /* FaceTracking.app */;
			productType = "com.apple.product-type.application";
		};
		17F6A85B214BC00F00BB5C04 /* FaceTrackingTests */ = {
			isa = PBXNativeTarget;
			buildConfigurationList = 17F6A873214BC00F00BB5C04 /* Build configuration list for PBXNativeTarget "FaceTrackingTests" */;
			buildPhases = (
				17F6A858214BC00F00BB5C04 /* Sources */,
				17F6A859214BC00F00BB5C04 /* Frameworks */,
				17F6A85A214BC00F00BB5C04 /* Resources */,
			);
			buildRules = (
			);
			dependencies = (
				17F6A85E214BC00F00BB5C04 /* PBXTargetDependency */,
			);
			name = FaceTrackingTests;
			productName = FaceTrackingTests;
			productReference = 17F6A85C214BC00F00BB5C04 /* FaceTrackingTests.xctest */;
			productType = "com.apple.product-type.bundle.unit-test";
		};
		17F6A866214BC00F00BB5C04 /* FaceTrackingUITests */ = {
			isa = PBXNativeTarget;
			buildConfigurationList = 17F6A876214BC00F00BB5C04 /* Build configuration list for PBXNativeTarget "FaceTrackingUITests" */;
			buildPhases = (
				17F6A863214BC00F00BB5C04 /* Sources */,
				17F6A864214BC00F00BB5C04 /* Frameworks */,
				17F6A865214BC00F00BB5C04 /* Resources */,
			);
			buildRules = (
			);
			dependencies = (
				17F6A869214BC00F00BB5C04 /* PBXTargetDependency */,
			);
			name = FaceTrackingUITests;
			productName = FaceTrackingUITests;
			productReference = 17F6A867214BC00F00BB5C04 /* FaceTrackingUITests.xctest */;
			productType = "com.apple.product-type.bundle.ui-testing";
		};
/* End PBXNativeTarget section */

/* Begin PBXProject section */
		17F6A83C214BC00D00BB5C04 /* Project object */ = {
			isa = PBXProject;
			attributes = {
				CLASSPREFIX = XHB;
				LastUpgradeCheck = 0940;
				ORGANIZATIONNAME = XHB;
				TargetAttributes = {
					17F6A843214BC00D00BB5C04 = {
						CreatedOnToolsVersion = 9.4.1;
					};
					17F6A85B214BC00F00BB5C04 = {
						CreatedOnToolsVersion = 9.4.1;
						TestTargetID = 17F6A843214BC00D00BB5C04;
					};
					17F6A866214BC00F00BB5C04 = {
						CreatedOnToolsVersion = 9.4.1;
						TestTargetID = 17F6A843214BC00D00BB5C04;
					};
				};
			};
			buildConfigurationList = 17F6A83F214BC00D00BB5C04 /* Build configuration list for PBXProject "FaceTracking" */;
			compatibilityVersion = "Xcode 9.3";
			developmentRegion = en;
			hasScannedForEncodings = 0;
			knownRegions = (
				en,
				Base,
			);
			mainGroup = 17F6A83B214BC00D00BB5C04;
			productRefGroup = 17F6A845214BC00D00BB5C04 /* Products */;
			projectDirPath = "";
			projectRoot = "";
			targets = (
				17F6A843214BC00D00BB5C04 /* FaceTracking */,
				17F6A85B214BC00F00BB5C04 /* FaceTrackingTests */,
				17F6A866214BC00F00BB5C04 /* FaceTrackingUITests */,
			);
		};
/* End PBXProject section */

/* Begin PBXResourcesBuildPhase section */
		17F6A842214BC00D00BB5C04 /* Resources */ = {
			isa = PBXResourcesBuildPhase;
			buildActionMask = 2147483647;
			files = (
				17F6A854214BC00F00BB5C04 /* LaunchScreen.storyboard in Resources */,
				17E4597A214E569A0082E272 /* Models.scnassets in Resources */,
				17F6A851214BC00F00BB5C04 /* Assets.xcassets in Resources */,
			);
			runOnlyForDeploymentPostprocessing = 0;
		};
		17F6A85A214BC00F00BB5C04 /* Resources */ = {
			isa = PBXResourcesBuildPhase;
			buildActionMask = 2147483647;
			files = (
			);
			runOnlyForDeploymentPostprocessing = 0;
		};
		17F6A865214BC00F00BB5C04 /* Resources */ = {
			isa = PBXResourcesBuildPhase;
			buildActionMask = 2147483647;
			files = (
			);
			runOnlyForDeploymentPostprocessing = 0;
		};
/* End PBXResourcesBuildPhase section */

/* Begin PBXSourcesBuildPhase section */
		17F6A840214BC00D00BB5C04 /* Sources */ = {
			isa = PBXSourcesBuildPhase;
			buildActionMask = 2147483647;
			files = (
				1792F033215A16A000111C48 /* XHBVirtualFaceViewController.m in Sources */,
				1756FD8E2157D61100AD3334 /* XHBRobotFaceNode.m in Sources */,
				17F6A857214BC00F00BB5C04 /* main.m in Sources */,
				1792F038215A17A200111C48 /* XHBHomeViewController.m in Sources */,
				1792F03C215A18AB00111C48 /* XHBHomeCell.m in Sources */,
				17E45983214E68740082E272 /* XHBMaskFaceNode.m in Sources */,
				17E60C52214F8E3E00DC188D /* XHBAnimojiViewController.m in Sources */,
				17F6A849214BC00D00BB5C04 /* AppDelegate.m in Sources */,
				17E4597F214E5DC10082E272 /* XHBVirtualFaceManager.m in Sources */,
				1748F816215B71B100D16B67 /* XHBMeshFaceNode.m in Sources */,
			);
			runOnlyForDeploymentPostprocessing = 0;
		};
		17F6A858214BC00F00BB5C04 /* Sources */ = {
			isa = PBXSourcesBuildPhase;
			buildActionMask = 2147483647;
			files = (
				17F6A861214BC00F00BB5C04 /* FaceTrackingTests.m in Sources */,
			);
			runOnlyForDeploymentPostprocessing = 0;
		};
		17F6A863214BC00F00BB5C04 /* Sources */ = {
			isa = PBXSourcesBuildPhase;
			buildActionMask = 2147483647;
			files = (
				17F6A86C214BC00F00BB5C04 /* FaceTrackingUITests.m in Sources */,
			);
			runOnlyForDeploymentPostprocessing = 0;
		};
/* End PBXSourcesBuildPhase section */

/* Begin PBXTargetDependency section */
		17F6A85E214BC00F00BB5C04 /* PBXTargetDependency */ = {
			isa = PBXTargetDependency;
			target = 17F6A843214BC00D00BB5C04 /* FaceTracking */;
			targetProxy = 17F6A85D214BC00F00BB5C04 /* PBXContainerItemProxy */;
		};
		17F6A869214BC00F00BB5C04 /* PBXTargetDependency */ = {
			isa = PBXTargetDependency;
			target = 17F6A843214BC00D00BB5C04 /* FaceTracking */;
			targetProxy = 17F6A868214BC00F00BB5C04 /* PBXContainerItemProxy */;
		};
/* End PBXTargetDependency section */

/* Begin PBXVariantGroup section */
		17F6A852214BC00F00BB5C04 /* LaunchScreen.storyboard */ = {
			isa = PBXVariantGroup;
			children = (
				17F6A853214BC00F00BB5C04 /* Base */,
			);
			name = LaunchScreen.storyboard;
			sourceTree = "<group>";
		};
/* End PBXVariantGroup section */

/* Begin XCBuildConfiguration section */
		17F6A86E214BC00F00BB5C04 /* Debug */ = {
			isa = XCBuildConfiguration;
			buildSettings = {
				ALWAYS_SEARCH_USER_PATHS = NO;
				CLANG_ANALYZER_NONNULL = YES;
				CLANG_ANALYZER_NUMBER_OBJECT_CONVERSION = YES_AGGRESSIVE;
				CLANG_CXX_LANGUAGE_STANDARD = "gnu++14";
				CLANG_CXX_LIBRARY = "libc++";
				CLANG_ENABLE_MODULES = YES;
				CLANG_ENABLE_OBJC_ARC = YES;
				CLANG_ENABLE_OBJC_WEAK = YES;
				CLANG_WARN_BLOCK_CAPTURE_AUTORELEASING = YES;
				CLANG_WARN_BOOL_CONVERSION = YES;
				CLANG_WARN_COMMA = YES;
				CLANG_WARN_CONSTANT_CONVERSION = YES;
				CLANG_WARN_DEPRECATED_OBJC_IMPLEMENTATIONS = YES;
				CLANG_WARN_DIRECT_OBJC_ISA_USAGE = YES_ERROR;
				CLANG_WARN_DOCUMENTATION_COMMENTS = YES;
				CLANG_WARN_EMPTY_BODY = YES;
				CLANG_WARN_ENUM_CONVERSION = YES;
				CLANG_WARN_INFINITE_RECURSION = YES;
				CLANG_WARN_INT_CONVERSION = YES;
				CLANG_WARN_NON_LITERAL_NULL_CONVERSION = YES;
				CLANG_WARN_OBJC_IMPLICIT_RETAIN_SELF = YES;
				CLANG_WARN_OBJC_LITERAL_CONVERSION = YES;
				CLANG_WARN_OBJC_ROOT_CLASS = YES_ERROR;
				CLANG_WARN_RANGE_LOOP_ANALYSIS = YES;
				CLANG_WARN_STRICT_PROTOTYPES = YES;
				CLANG_WARN_SUSPICIOUS_MOVE = YES;
				CLANG_WARN_UNGUARDED_AVAILABILITY = YES_AGGRESSIVE;
				CLANG_WARN_UNREACHABLE_CODE = YES;
				CLANG_WARN__DUPLICATE_METHOD_MATCH = YES;
				CODE_SIGN_IDENTITY = "iPhone Developer";
				COPY_PHASE_STRIP = NO;
				DEBUG_INFORMATION_FORMAT = dwarf;
				ENABLE_STRICT_OBJC_MSGSEND = YES;
				ENABLE_TESTABILITY = YES;
				GCC_C_LANGUAGE_STANDARD = gnu11;
				GCC_DYNAMIC_NO_PIC = NO;
				GCC_NO_COMMON_BLOCKS = YES;
				GCC_OPTIMIZATION_LEVEL = 0;
				GCC_PREPROCESSOR_DEFINITIONS = (
					"DEBUG=1",
					"$(inherited)",
				);
				GCC_WARN_64_TO_32_BIT_CONVERSION = YES;
				GCC_WARN_ABOUT_RETURN_TYPE = YES_ERROR;
				GCC_WARN_UNDECLARED_SELECTOR = YES;
				GCC_WARN_UNINITIALIZED_AUTOS = YES_AGGRESSIVE;
				GCC_WARN_UNUSED_FUNCTION = YES;
				GCC_WARN_UNUSED_VARIABLE = YES;
				IPHONEOS_DEPLOYMENT_TARGET = 11.4;
				MTL_ENABLE_DEBUG_INFO = YES;
				ONLY_ACTIVE_ARCH = YES;
				SDKROOT = iphoneos;
			};
			name = Debug;
		};
		17F6A86F214BC00F00BB5C04 /* Release */ = {
			isa = XCBuildConfiguration;
			buildSettings = {
				ALWAYS_SEARCH_USER_PATHS = NO;
				CLANG_ANALYZER_NONNULL = YES;
				CLANG_ANALYZER_NUMBER_OBJECT_CONVERSION = YES_AGGRESSIVE;
				CLANG_CXX_LANGUAGE_STANDARD = "gnu++14";
				CLANG_CXX_LIBRARY = "libc++";
				CLANG_ENABLE_MODULES = YES;
				CLANG_ENABLE_OBJC_ARC = YES;
				CLANG_ENABLE_OBJC_WEAK = YES;
				CLANG_WARN_BLOCK_CAPTURE_AUTORELEASING = YES;
				CLANG_WARN_BOOL_CONVERSION = YES;
				CLANG_WARN_COMMA = YES;
				CLANG_WARN_CONSTANT_CONVERSION = YES;
				CLANG_WARN_DEPRECATED_OBJC_IMPLEMENTATIONS = YES;
				CLANG_WARN_DIRECT_OBJC_ISA_USAGE = YES_ERROR;
				CLANG_WARN_DOCUMENTATION_COMMENTS = YES;
				CLANG_WARN_EMPTY_BODY = YES;
				CLANG_WARN_ENUM_CONVERSION = YES;
				CLANG_WARN_INFINITE_RECURSION = YES;
				CLANG_WARN_INT_CONVERSION = YES;
				CLANG_WARN_NON_LITERAL_NULL_CONVERSION = YES;
				CLANG_WARN_OBJC_IMPLICIT_RETAIN_SELF = YES;
				CLANG_WARN_OBJC_LITERAL_CONVERSION = YES;
				CLANG_WARN_OBJC_ROOT_CLASS = YES_ERROR;
				CLANG_WARN_RANGE_LOOP_ANALYSIS = YES;
				CLANG_WARN_STRICT_PROTOTYPES = YES;
				CLANG_WARN_SUSPICIOUS_MOVE = YES;
				CLANG_WARN_UNGUARDED_AVAILABILITY = YES_AGGRESSIVE;
				CLANG_WARN_UNREACHABLE_CODE = YES;
				CLANG_WARN__DUPLICATE_METHOD_MATCH = YES;
				CODE_SIGN_IDENTITY = "iPhone Developer";
				COPY_PHASE_STRIP = NO;
				DEBUG_INFORMATION_FORMAT = "dwarf-with-dsym";
				ENABLE_NS_ASSERTIONS = NO;
				ENABLE_STRICT_OBJC_MSGSEND = YES;
				GCC_C_LANGUAGE_STANDARD = gnu11;
				GCC_NO_COMMON_BLOCKS = YES;
				GCC_WARN_64_TO_32_BIT_CONVERSION = YES;
				GCC_WARN_ABOUT_RETURN_TYPE = YES_ERROR;
				GCC_WARN_UNDECLARED_SELECTOR = YES;
				GCC_WARN_UNINITIALIZED_AUTOS = YES_AGGRESSIVE;
				GCC_WARN_UNUSED_FUNCTION = YES;
				GCC_WARN_UNUSED_VARIABLE = YES;
				IPHONEOS_DEPLOYMENT_TARGET = 11.4;
				MTL_ENABLE_DEBUG_INFO = NO;
				SDKROOT = iphoneos;
				VALIDATE_PRODUCT = YES;
			};
			name = Release;
		};
		17F6A871214BC00F00BB5C04 /* Debug */ = {
			isa = XCBuildConfiguration;
			buildSettings = {
				ASSETCATALOG_COMPILER_APPICON_NAME = AppIcon;
				CODE_SIGN_STYLE = Automatic;
				DEVELOPMENT_TEAM = V2F6ZPW5K6;
				INFOPLIST_FILE = "$(SRCROOT)/FaceTracking/Resources/Info.plist";
				IPHONEOS_DEPLOYMENT_TARGET = 12.0;
				LD_RUNPATH_SEARCH_PATHS = (
					"$(inherited)",
					"@executable_path/Frameworks",
				);
				PRODUCT_BUNDLE_IDENTIFIER = com.bang.FaceTracking;
				PRODUCT_NAME = "$(TARGET_NAME)";
				TARGETED_DEVICE_FAMILY = 1;
			};
			name = Debug;
		};
		17F6A872214BC00F00BB5C04 /* Release */ = {
			isa = XCBuildConfiguration;
			buildSettings = {
				ASSETCATALOG_COMPILER_APPICON_NAME = AppIcon;
				CODE_SIGN_STYLE = Automatic;
				DEVELOPMENT_TEAM = V2F6ZPW5K6;
				INFOPLIST_FILE = "$(SRCROOT)/FaceTracking/Resources/Info.plist";
				IPHONEOS_DEPLOYMENT_TARGET = 12.0;
				LD_RUNPATH_SEARCH_PATHS = (
					"$(inherited)",
					"@executable_path/Frameworks",
				);
				PRODUCT_BUNDLE_IDENTIFIER = com.bang.FaceTracking;
				PRODUCT_NAME = "$(TARGET_NAME)";
				TARGETED_DEVICE_FAMILY = 1;
			};
			name = Release;
		};
		17F6A874214BC00F00BB5C04 /* Debug */ = {
			isa = XCBuildConfiguration;
			buildSettings = {
				BUNDLE_LOADER = "$(TEST_HOST)";
				CODE_SIGN_STYLE = Automatic;
				DEVELOPMENT_TEAM = M4HQ4UZRFA;
				INFOPLIST_FILE = FaceTrackingTests/Info.plist;
				LD_RUNPATH_SEARCH_PATHS = (
					"$(inherited)",
					"@executable_path/Frameworks",
					"@loader_path/Frameworks",
				);
				PRODUCT_BUNDLE_IDENTIFIER = cn.bang.FaceTrackingTests;
				PRODUCT_NAME = "$(TARGET_NAME)";
				TARGETED_DEVICE_FAMILY = "1,2";
				TEST_HOST = "$(BUILT_PRODUCTS_DIR)/FaceTracking.app/FaceTracking";
			};
			name = Debug;
		};
		17F6A875214BC00F00BB5C04 /* Release */ = {
			isa = XCBuildConfiguration;
			buildSettings = {
				BUNDLE_LOADER = "$(TEST_HOST)";
				CODE_SIGN_STYLE = Automatic;
				DEVELOPMENT_TEAM = M4HQ4UZRFA;
				INFOPLIST_FILE = FaceTrackingTests/Info.plist;
				LD_RUNPATH_SEARCH_PATHS = (
					"$(inherited)",
					"@executable_path/Frameworks",
					"@loader_path/Frameworks",
				);
				PRODUCT_BUNDLE_IDENTIFIER = cn.bang.FaceTrackingTests;
				PRODUCT_NAME = "$(TARGET_NAME)";
				TARGETED_DEVICE_FAMILY = "1,2";
				TEST_HOST = "$(BUILT_PRODUCTS_DIR)/FaceTracking.app/FaceTracking";
			};
			name = Release;
		};
		17F6A877214BC00F00BB5C04 /* Debug */ = {
			isa = XCBuildConfiguration;
			buildSettings = {
				CODE_SIGN_STYLE = Automatic;
				DEVELOPMENT_TEAM = M4HQ4UZRFA;
				INFOPLIST_FILE = FaceTrackingUITests/Info.plist;
				LD_RUNPATH_SEARCH_PATHS = (
					"$(inherited)",
					"@executable_path/Frameworks",
					"@loader_path/Frameworks",
				);
				PRODUCT_BUNDLE_IDENTIFIER = cn.bang.FaceTrackingUITests;
				PRODUCT_NAME = "$(TARGET_NAME)";
				TARGETED_DEVICE_FAMILY = "1,2";
				TEST_TARGET_NAME = FaceTracking;
			};
			name = Debug;
		};
		17F6A878214BC00F00BB5C04 /* Release */ = {
			isa = XCBuildConfiguration;
			buildSettings = {
				CODE_SIGN_STYLE = Automatic;
				DEVELOPMENT_TEAM = M4HQ4UZRFA;
				INFOPLIST_FILE = FaceTrackingUITests/Info.plist;
				LD_RUNPATH_SEARCH_PATHS = (
					"$(inherited)",
					"@executable_path/Frameworks",
					"@loader_path/Frameworks",
				);
				PRODUCT_BUNDLE_IDENTIFIER = cn.bang.FaceTrackingUITests;
				PRODUCT_NAME = "$(TARGET_NAME)";
				TARGETED_DEVICE_FAMILY = "1,2";
				TEST_TARGET_NAME = FaceTracking;
			};
			name = Release;
		};
/* End XCBuildConfiguration section */

/* Begin XCConfigurationList section */
		17F6A83F214BC00D00BB5C04 /* Build configuration list for PBXProject "FaceTracking" */ = {
			isa = XCConfigurationList;
			buildConfigurations = (
				17F6A86E214BC00F00BB5C04 /* Debug */,
				17F6A86F214BC00F00BB5C04 /* Release */,
			);
			defaultConfigurationIsVisible = 0;
			defaultConfigurationName = Release;
		};
		17F6A870214BC00F00BB5C04 /* Build configuration list for PBXNativeTarget "FaceTracking" */ = {
			isa = XCConfigurationList;
			buildConfigurations = (
				17F6A871214BC00F00BB5C04 /* Debug */,
				17F6A872214BC00F00BB5C04 /* Release */,
			);
			defaultConfigurationIsVisible = 0;
			defaultConfigurationName = Release;
		};
		17F6A873214BC00F00BB5C04 /* Build configuration list for PBXNativeTarget "FaceTrackingTests" */ = {
			isa = XCConfigurationList;
			buildConfigurations = (
				17F6A874214BC00F00BB5C04 /* Debug */,
				17F6A875214BC00F00BB5C04 /* Release */,
			);
			defaultConfigurationIsVisible = 0;
			defaultConfigurationName = Release;
		};
		17F6A876214BC00F00BB5C04 /* Build configuration list for PBXNativeTarget "FaceTrackingUITests" */ = {
			isa = XCConfigurationList;
			buildConfigurations = (
				17F6A877214BC00F00BB5C04 /* Debug */,
				17F6A878214BC00F00BB5C04 /* Release */,
			);
			defaultConfigurationIsVisible = 0;
			defaultConfigurationName = Release;
		};
/* End XCConfigurationList section */
	};
	rootObject = 17F6A83C214BC00D00BB5C04 /* Project object */;
}
